
Microsoft Visual Studio Solution File, Format Version 12.00
# Visual Studio Version 16
VisualStudioVersion = 16.0.30114.105
MinimumVisualStudioVersion = 10.0.40219.1
Project("{2150E333-8FDC-42A3-9474-1A3956D46DE8}") = "src", "src", "{CA1CEF43-2BAA-4EC7-81CF-F04B282904DD}"
EndProject
Project("{FAE04EC0-301F-11D3-BF4B-00C04F79EFBC}") = "BLL", "src\BLL\BLL.csproj", "{FD27D2C1-E616-4457-B69B-C6BF6128A406}"
EndProject
Project("{2150E333-8FDC-42A3-9474-1A3956D46DE8}") = "tests", "tests", "{8E9A11BC-A850-4C54-81D3-2B3AF5CF69FE}"
EndProject
Project("{FAE04EC0-301F-11D3-BF4B-00C04F79EFBC}") = "BLL.UnitTests", "tests\BLL.UnitTests\BLL.UnitTests.csproj", "{B36A0F9D-6EDB-4CAE-A83F-BA52734C836C}"
EndProject
Global
	GlobalSection(SolutionConfigurationPlatforms) = preSolution
		Debug|Any CPU = Debug|Any CPU
		Debug|x64 = Debug|x64
		Debug|x86 = Debug|x86
		Release|Any CPU = Release|Any CPU
		Release|x64 = Release|x64
		Release|x86 = Release|x86
	EndGlobalSection
	GlobalSection(SolutionProperties) = preSolution
		HideSolutionNode = FALSE
	EndGlobalSection
	GlobalSection(ProjectConfigurationPlatforms) = postSolution
		{FD27D2C1-E616-4457-B69B-C6BF6128A406}.Debug|Any CPU.ActiveCfg = Debug|Any CPU
		{FD27D2C1-E616-4457-B69B-C6BF6128A406}.Debug|Any CPU.Build.0 = Debug|Any CPU
		{FD27D2C1-E616-4457-B69B-C6BF6128A406}.Debug|x64.ActiveCfg = Debug|Any CPU
		{FD27D2C1-E616-4457-B69B-C6BF6128A406}.Debug|x64.Build.0 = Debug|Any CPU
		{FD27D2C1-E616-4457-B69B-C6BF6128A406}.Debug|x86.ActiveCfg = Debug|Any CPU
		{FD27D2C1-E616-4457-B69B-C6BF6128A406}.Debug|x86.Build.0 = Debug|Any CPU
		{FD27D2C1-E616-4457-B69B-C6BF6128A406}.Release|Any CPU.ActiveCfg = Release|Any CPU
		{FD27D2C1-E616-4457-B69B-C6BF6128A406}.Release|Any CPU.Build.0 = Release|Any CPU
		{FD27D2C1-E616-4457-B69B-C6BF6128A406}.Release|x64.ActiveCfg = Release|Any CPU
		{FD27D2C1-E616-4457-B69B-C6BF6128A406}.Release|x64.Build.0 = Release|Any CPU
		{FD27D2C1-E616-4457-B69B-C6BF6128A406}.Release|x86.ActiveCfg = Release|Any CPU
		{FD27D2C1-E616-4457-B69B-C6BF6128A406}.Release|x86.Build.0 = Release|Any CPU
		{B36A0F9D-6EDB-4CAE-A83F-BA52734C836C}.Debug|Any CPU.ActiveCfg = Debug|Any CPU
		{B36A0F9D-6EDB-4CAE-A83F-BA52734C836C}.Debug|Any CPU.Build.0 = Debug|Any CPU
		{B36A0F9D-6EDB-4CAE-A83F-BA52734C836C}.Debug|x64.ActiveCfg = Debug|Any CPU
		{B36A0F9D-6EDB-4CAE-A83F-BA52734C836C}.Debug|x64.Build.0 = Debug|Any CPU
		{B36A0F9D-6EDB-4CAE-A83F-BA52734C836C}.Debug|x86.ActiveCfg = Debug|Any CPU
		{B36A0F9D-6EDB-4CAE-A83F-BA52734C836C}.Debug|x86.Build.0 = Debug|Any CPU
		{B36A0F9D-6EDB-4CAE-A83F-BA52734C836C}.Release|Any CPU.ActiveCfg = Release|Any CPU
		{B36A0F9D-6EDB-4CAE-A83F-BA52734C836C}.Release|Any CPU.Build.0 = Release|Any CPU
		{B36A0F9D-6EDB-4CAE-A83F-BA52734C836C}.Release|x64.ActiveCfg = Release|Any CPU
		{B36A0F9D-6EDB-4CAE-A83F-BA52734C836C}.Release|x64.Build.0 = Release|Any CPU
		{B36A0F9D-6EDB-4CAE-A83F-BA52734C836C}.Release|x86.ActiveCfg = Release|Any CPU
		{B36A0F9D-6EDB-4CAE-A83F-BA52734C836C}.Release|x86.Build.0 = Release|Any CPU
	EndGlobalSection
	GlobalSection(NestedProjects) = preSolution
		{FD27D2C1-E616-4457-B69B-C6BF6128A406} = {CA1CEF43-2BAA-4EC7-81CF-F04B282904DD}
		{B36A0F9D-6EDB-4CAE-A83F-BA52734C836C} = {8E9A11BC-A850-4C54-81D3-2B3AF5CF69FE}
	EndGlobalSection
EndGlobal
